
Microsoft Visual Studio Solution File, Format Version 12.00
# Visual Studio Version 16
VisualStudioVersion = 25.0.1704.0
MinimumVisualStudioVersion = 10.0.40219.1
Project("{2150E333-8FDC-42A3-9474-1A3956D46DE8}") = "src", "src", "{18A0603E-1C90-4C76-A066-EBB2535982B8}"
EndProject
Project("{2150E333-8FDC-42A3-9474-1A3956D46DE8}") = "tests", "tests", "{D1A7C73E-4671-49DF-B0B2-870D19E9B1F8}"
EndProject
Project("{2150E333-8FDC-42A3-9474-1A3956D46DE8}") = "Core", "Core", "{85F06638-4588-4BF5-8131-6A117C0FA2FE}"
EndProject
Project("{2150E333-8FDC-42A3-9474-1A3956D46DE8}") = "Infrastructure", "Infrastructure", "{DFC7D4E3-38E1-4C70-AA03-8512E93BD0E9}"
EndProject
Project("{2150E333-8FDC-42A3-9474-1A3956D46DE8}") = "Presentation", "Presentation", "{50CBB972-3D55-4A4E-8A06-925198FAF0BB}"
EndProject
Project("{FAE04EC0-301F-11D3-BF4B-00C04F79EFBC}") = "Project.CleanArchitecture.Application", "src\Core\Project.CleanArchitecture.Application\Project.CleanArchitecture.Application.csproj", "{9D5B8E14-A4B8-4989-9992-D9EAC9A07AB0}"
EndProject
Project("{FAE04EC0-301F-11D3-BF4B-00C04F79EFBC}") = "Project.CleanArchitecture.Domain", "src\Core\Project.CleanArchitecture.Domain\Project.CleanArchitecture.Domain.csproj", "{395CEC3D-5D50-4C09-811B-0556CB044EC9}"
EndProject
Project("{FAE04EC0-301F-11D3-BF4B-00C04F79EFBC}") = "Project.CleanArchitecture.Infrastructure", "src\Infrastructure\Project.CleanArchitecture.Infrastructure\Project.CleanArchitecture.Infrastructure.csproj", "{C0718586-B385-43BF-B8A1-2B5D5CBAA2A2}"
EndProject
Project("{FAE04EC0-301F-11D3-BF4B-00C04F79EFBC}") = "API", "src\Presentation\API\API.csproj", "{EA646D8A-E6FA-45B1-8782-3FE4D1C7B125}"
EndProject
Project("{FAE04EC0-301F-11D3-BF4B-00C04F79EFBC}") = "Project.CleanArchitecture.Persistence", "src\Infrastructure\Project.CleanArchitecture.Persistence\Project.CleanArchitecture.Persistence.csproj", "{BCF40212-1599-4999-B4CB-ABAE965ACEF6}"
EndProject
Global
	GlobalSection(SolutionConfigurationPlatforms) = preSolution
		Debug|Any CPU = Debug|Any CPU
		Release|Any CPU = Release|Any CPU
	EndGlobalSection
	GlobalSection(ProjectConfigurationPlatforms) = postSolution
		{9D5B8E14-A4B8-4989-9992-D9EAC9A07AB0}.Debug|Any CPU.ActiveCfg = Debug|Any CPU
		{9D5B8E14-A4B8-4989-9992-D9EAC9A07AB0}.Debug|Any CPU.Build.0 = Debug|Any CPU
		{9D5B8E14-A4B8-4989-9992-D9EAC9A07AB0}.Release|Any CPU.ActiveCfg = Release|Any CPU
		{9D5B8E14-A4B8-4989-9992-D9EAC9A07AB0}.Release|Any CPU.Build.0 = Release|Any CPU
		{395CEC3D-5D50-4C09-811B-0556CB044EC9}.Debug|Any CPU.ActiveCfg = Debug|Any CPU
		{395CEC3D-5D50-4C09-811B-0556CB044EC9}.Debug|Any CPU.Build.0 = Debug|Any CPU
		{395CEC3D-5D50-4C09-811B-0556CB044EC9}.Release|Any CPU.ActiveCfg = Release|Any CPU
		{395CEC3D-5D50-4C09-811B-0556CB044EC9}.Release|Any CPU.Build.0 = Release|Any CPU
		{C0718586-B385-43BF-B8A1-2B5D5CBAA2A2}.Debug|Any CPU.ActiveCfg = Debug|Any CPU
		{C0718586-B385-43BF-B8A1-2B5D5CBAA2A2}.Debug|Any CPU.Build.0 = Debug|Any CPU
		{C0718586-B385-43BF-B8A1-2B5D5CBAA2A2}.Release|Any CPU.ActiveCfg = Release|Any CPU
		{C0718586-B385-43BF-B8A1-2B5D5CBAA2A2}.Release|Any CPU.Build.0 = Release|Any CPU
		{EA646D8A-E6FA-45B1-8782-3FE4D1C7B125}.Debug|Any CPU.ActiveCfg = Debug|Any CPU
		{EA646D8A-E6FA-45B1-8782-3FE4D1C7B125}.Debug|Any CPU.Build.0 = Debug|Any CPU
		{EA646D8A-E6FA-45B1-8782-3FE4D1C7B125}.Release|Any CPU.ActiveCfg = Release|Any CPU
		{EA646D8A-E6FA-45B1-8782-3FE4D1C7B125}.Release|Any CPU.Build.0 = Release|Any CPU
		{BCF40212-1599-4999-B4CB-ABAE965ACEF6}.Debug|Any CPU.ActiveCfg = Debug|Any CPU
		{BCF40212-1599-4999-B4CB-ABAE965ACEF6}.Debug|Any CPU.Build.0 = Debug|Any CPU
		{BCF40212-1599-4999-B4CB-ABAE965ACEF6}.Release|Any CPU.ActiveCfg = Release|Any CPU
		{BCF40212-1599-4999-B4CB-ABAE965ACEF6}.Release|Any CPU.Build.0 = Release|Any CPU
	EndGlobalSection
	GlobalSection(SolutionProperties) = preSolution
		HideSolutionNode = FALSE
	EndGlobalSection
	GlobalSection(ExtensibilityGlobals) = postSolution
		SolutionGuid = {24B25C95-5C0C-44C4-9E32-4780B097D27D}
	EndGlobalSection
	GlobalSection(NestedProjects) = preSolution
		{85F06638-4588-4BF5-8131-6A117C0FA2FE} = {18A0603E-1C90-4C76-A066-EBB2535982B8}
		{DFC7D4E3-38E1-4C70-AA03-8512E93BD0E9} = {18A0603E-1C90-4C76-A066-EBB2535982B8}
		{50CBB972-3D55-4A4E-8A06-925198FAF0BB} = {18A0603E-1C90-4C76-A066-EBB2535982B8}
		{9D5B8E14-A4B8-4989-9992-D9EAC9A07AB0} = {85F06638-4588-4BF5-8131-6A117C0FA2FE}
		{395CEC3D-5D50-4C09-811B-0556CB044EC9} = {85F06638-4588-4BF5-8131-6A117C0FA2FE}
		{C0718586-B385-43BF-B8A1-2B5D5CBAA2A2} = {DFC7D4E3-38E1-4C70-AA03-8512E93BD0E9}
		{EA646D8A-E6FA-45B1-8782-3FE4D1C7B125} = {50CBB972-3D55-4A4E-8A06-925198FAF0BB}
		{BCF40212-1599-4999-B4CB-ABAE965ACEF6} = {DFC7D4E3-38E1-4C70-AA03-8512E93BD0E9}
	EndGlobalSection
EndGlobal
